
Microsoft Visual Studio Solution File, Format Version 12.00
# Visual Studio Version 16
VisualStudioVersion = 16.0.31911.196
MinimumVisualStudioVersion = 10.0.40219.1
Project("{F184B08F-C81C-45F6-A57F-5ABD9991F28F}") = "WindowsApp1", "WindowsApp1\WindowsApp1.vbproj", "{1BBDE92F-4C36-4D6E-AD2D-8BE70F4F048C}"
EndProject
Global
	GlobalSection(SolutionConfigurationPlatforms) = preSolution
		Debug|Any CPU = Debug|Any CPU
		Release|Any CPU = Release|Any CPU
	EndGlobalSection
	GlobalSection(ProjectConfigurationPlatforms) = postSolution
		{1BBDE92F-4C36-4D6E-AD2D-8BE70F4F048C}.Debug|Any CPU.ActiveCfg = Debug|Any CPU
		{1BBDE92F-4C36-4D6E-AD2D-8BE70F4F048C}.Debug|Any CPU.Build.0 = Debug|Any CPU
		{1BBDE92F-4C36-4D6E-AD2D-8BE70F4F048C}.Release|Any CPU.ActiveCfg = Release|Any CPU
		{1BBDE92F-4C36-4D6E-AD2D-8BE70F4F048C}.Release|Any CPU.Build.0 = Release|Any CPU
	EndGlobalSection
	GlobalSection(SolutionProperties) = preSolution
		HideSolutionNode = FALSE
	EndGlobalSection
	GlobalSection(ExtensibilityGlobals) = postSolution
		SolutionGuid = {21027C42-DBF7-4E3E-975D-51F98FBE9148}
	EndGlobalSection
EndGlobal
